
Microsoft Visual Studio Solution File, Format Version 12.00
# Visual Studio 14
VisualStudioVersion = 14.0.23107.0
MinimumVisualStudioVersion = 10.0.40219.1
Project("{FAE04EC0-301F-11D3-BF4B-00C04F79EFBC}") = "EventLogTool", "EventLogTool\EventLogTool.csproj", "{BFA0A907-289D-40C9-B7EC-D74FC52BF460}"
EndProject
Project("{FAE04EC0-301F-11D3-BF4B-00C04F79EFBC}") = "MailTool", "MailTool\MailTool.csproj", "{E7B87783-C01F-4E7B-BDED-D078F8484584}"
EndProject
Project("{FAE04EC0-301F-11D3-BF4B-00C04F79EFBC}") = "ClientTool", "ClientTool\ClientTool.csproj", "{820D9CDC-4F35-4E77-B3BB-3199E98EFA76}"
EndProject
Global
	GlobalSection(SolutionConfigurationPlatforms) = preSolution
		Debug|Any CPU = Debug|Any CPU
		Debug|ARM = Debug|ARM
		Debug|x64 = Debug|x64
		Debug|x86 = Debug|x86
		Release|Any CPU = Release|Any CPU
		Release|ARM = Release|ARM
		Release|x64 = Release|x64
		Release|x86 = Release|x86
	EndGlobalSection
	GlobalSection(ProjectConfigurationPlatforms) = postSolution
		{BFA0A907-289D-40C9-B7EC-D74FC52BF460}.Debug|Any CPU.ActiveCfg = Debug|Any CPU
		{BFA0A907-289D-40C9-B7EC-D74FC52BF460}.Debug|Any CPU.Build.0 = Debug|Any CPU
		{BFA0A907-289D-40C9-B7EC-D74FC52BF460}.Debug|ARM.ActiveCfg = Debug|Any CPU
		{BFA0A907-289D-40C9-B7EC-D74FC52BF460}.Debug|ARM.Build.0 = Debug|Any CPU
		{BFA0A907-289D-40C9-B7EC-D74FC52BF460}.Debug|x64.ActiveCfg = Debug|Any CPU
		{BFA0A907-289D-40C9-B7EC-D74FC52BF460}.Debug|x64.Build.0 = Debug|Any CPU
		{BFA0A907-289D-40C9-B7EC-D74FC52BF460}.Debug|x86.ActiveCfg = Debug|Any CPU
		{BFA0A907-289D-40C9-B7EC-D74FC52BF460}.Debug|x86.Build.0 = Debug|Any CPU
		{BFA0A907-289D-40C9-B7EC-D74FC52BF460}.Release|Any CPU.ActiveCfg = Release|Any CPU
		{BFA0A907-289D-40C9-B7EC-D74FC52BF460}.Release|Any CPU.Build.0 = Release|Any CPU
		{BFA0A907-289D-40C9-B7EC-D74FC52BF460}.Release|ARM.ActiveCfg = Release|Any CPU
		{BFA0A907-289D-40C9-B7EC-D74FC52BF460}.Release|ARM.Build.0 = Release|Any CPU
		{BFA0A907-289D-40C9-B7EC-D74FC52BF460}.Release|x64.ActiveCfg = Release|Any CPU
		{BFA0A907-289D-40C9-B7EC-D74FC52BF460}.Release|x64.Build.0 = Release|Any CPU
		{BFA0A907-289D-40C9-B7EC-D74FC52BF460}.Release|x86.ActiveCfg = Release|Any CPU
		{BFA0A907-289D-40C9-B7EC-D74FC52BF460}.Release|x86.Build.0 = Release|Any CPU
		{E7B87783-C01F-4E7B-BDED-D078F8484584}.Debug|Any CPU.ActiveCfg = Debug|Any CPU
		{E7B87783-C01F-4E7B-BDED-D078F8484584}.Debug|Any CPU.Build.0 = Debug|Any CPU
		{E7B87783-C01F-4E7B-BDED-D078F8484584}.Debug|ARM.ActiveCfg = Debug|Any CPU
		{E7B87783-C01F-4E7B-BDED-D078F8484584}.Debug|ARM.Build.0 = Debug|Any CPU
		{E7B87783-C01F-4E7B-BDED-D078F8484584}.Debug|x64.ActiveCfg = Debug|Any CPU
		{E7B87783-C01F-4E7B-BDED-D078F8484584}.Debug|x64.Build.0 = Debug|Any CPU
		{E7B87783-C01F-4E7B-BDED-D078F8484584}.Debug|x86.ActiveCfg = Debug|Any CPU
		{E7B87783-C01F-4E7B-BDED-D078F8484584}.Debug|x86.Build.0 = Debug|Any CPU
		{E7B87783-C01F-4E7B-BDED-D078F8484584}.Release|Any CPU.ActiveCfg = Release|Any CPU
		{E7B87783-C01F-4E7B-BDED-D078F8484584}.Release|Any CPU.Build.0 = Release|Any CPU
		{E7B87783-C01F-4E7B-BDED-D078F8484584}.Release|ARM.ActiveCfg = Release|Any CPU
		{E7B87783-C01F-4E7B-BDED-D078F8484584}.Release|ARM.Build.0 = Release|Any CPU
		{E7B87783-C01F-4E7B-BDED-D078F8484584}.Release|x64.ActiveCfg = Release|Any CPU
		{E7B87783-C01F-4E7B-BDED-D078F8484584}.Release|x64.Build.0 = Release|Any CPU
		{E7B87783-C01F-4E7B-BDED-D078F8484584}.Release|x86.ActiveCfg = Release|Any CPU
		{E7B87783-C01F-4E7B-BDED-D078F8484584}.Release|x86.Build.0 = Release|Any CPU
		{820D9CDC-4F35-4E77-B3BB-3199E98EFA76}.Debug|Any CPU.ActiveCfg = Debug|Any CPU
		{820D9CDC-4F35-4E77-B3BB-3199E98EFA76}.Debug|Any CPU.Build.0 = Debug|Any CPU
		{820D9CDC-4F35-4E77-B3BB-3199E98EFA76}.Debug|ARM.ActiveCfg = Debug|Any CPU
		{820D9CDC-4F35-4E77-B3BB-3199E98EFA76}.Debug|ARM.Build.0 = Debug|Any CPU
		{820D9CDC-4F35-4E77-B3BB-3199E98EFA76}.Debug|x64.ActiveCfg = Debug|Any CPU
		{820D9CDC-4F35-4E77-B3BB-3199E98EFA76}.Debug|x64.Build.0 = Debug|Any CPU
		{820D9CDC-4F35-4E77-B3BB-3199E98EFA76}.Debug|x86.ActiveCfg = Debug|Any CPU
		{820D9CDC-4F35-4E77-B3BB-3199E98EFA76}.Debug|x86.Build.0 = Debug|Any CPU
		{820D9CDC-4F35-4E77-B3BB-3199E98EFA76}.Release|Any CPU.ActiveCfg = Release|Any CPU
		{820D9CDC-4F35-4E77-B3BB-3199E98EFA76}.Release|Any CPU.Build.0 = Release|Any CPU
		{820D9CDC-4F35-4E77-B3BB-3199E98EFA76}.Release|ARM.ActiveCfg = Release|Any CPU
		{820D9CDC-4F35-4E77-B3BB-3199E98EFA76}.Release|ARM.Build.0 = Release|Any CPU
		{820D9CDC-4F35-4E77-B3BB-3199E98EFA76}.Release|x64.ActiveCfg = Release|Any CPU
		{820D9CDC-4F35-4E77-B3BB-3199E98EFA76}.Release|x64.Build.0 = Release|Any CPU
		{820D9CDC-4F35-4E77-B3BB-3199E98EFA76}.Release|x86.ActiveCfg = Release|Any CPU
		{820D9CDC-4F35-4E77-B3BB-3199E98EFA76}.Release|x86.Build.0 = Release|Any CPU
	EndGlobalSection
	GlobalSection(SolutionProperties) = preSolution
		HideSolutionNode = FALSE
	EndGlobalSection
EndGlobal
